
Microsoft Visual Studio Solution File, Format Version 12.00
# Visual Studio Version 17
VisualStudioVersion = 17.0.31903.59
MinimumVisualStudioVersion = 10.0.40219.1
Project("{FAE04EC0-301F-11D3-BF4B-00C04F79EFBC}") = "CoingeckoDb", "CoingeckoDb\CoingeckoDb.csproj", "{AA27F476-CC48-49DA-A9FB-B7C9840AC0E7}"
EndProject
Project("{FAE04EC0-301F-11D3-BF4B-00C04F79EFBC}") = "CoingeckoLogic", "CoingeckoLogic\CoingeckoLogic.csproj", "{CAFBB4DD-023A-4C9F-BFBF-39931D1493E9}"
EndProject
Project("{FAE04EC0-301F-11D3-BF4B-00C04F79EFBC}") = "CoingeckoStat", "CoingeckoStat\CoingeckoStat.csproj", "{6C1092E8-FC3A-483F-B283-136F818DC7C6}"
EndProject
Global
	GlobalSection(SolutionConfigurationPlatforms) = preSolution
		Debug|Any CPU = Debug|Any CPU
		Release|Any CPU = Release|Any CPU
	EndGlobalSection
	GlobalSection(SolutionProperties) = preSolution
		HideSolutionNode = FALSE
	EndGlobalSection
	GlobalSection(ProjectConfigurationPlatforms) = postSolution
		{AA27F476-CC48-49DA-A9FB-B7C9840AC0E7}.Debug|Any CPU.ActiveCfg = Debug|Any CPU
		{AA27F476-CC48-49DA-A9FB-B7C9840AC0E7}.Debug|Any CPU.Build.0 = Debug|Any CPU
		{AA27F476-CC48-49DA-A9FB-B7C9840AC0E7}.Release|Any CPU.ActiveCfg = Release|Any CPU
		{AA27F476-CC48-49DA-A9FB-B7C9840AC0E7}.Release|Any CPU.Build.0 = Release|Any CPU
		{CAFBB4DD-023A-4C9F-BFBF-39931D1493E9}.Debug|Any CPU.ActiveCfg = Debug|Any CPU
		{CAFBB4DD-023A-4C9F-BFBF-39931D1493E9}.Debug|Any CPU.Build.0 = Debug|Any CPU
		{CAFBB4DD-023A-4C9F-BFBF-39931D1493E9}.Release|Any CPU.ActiveCfg = Release|Any CPU
		{CAFBB4DD-023A-4C9F-BFBF-39931D1493E9}.Release|Any CPU.Build.0 = Release|Any CPU
		{6C1092E8-FC3A-483F-B283-136F818DC7C6}.Debug|Any CPU.ActiveCfg = Debug|Any CPU
		{6C1092E8-FC3A-483F-B283-136F818DC7C6}.Debug|Any CPU.Build.0 = Debug|Any CPU
		{6C1092E8-FC3A-483F-B283-136F818DC7C6}.Release|Any CPU.ActiveCfg = Release|Any CPU
		{6C1092E8-FC3A-483F-B283-136F818DC7C6}.Release|Any CPU.Build.0 = Release|Any CPU
	EndGlobalSection
EndGlobal
